
Microsoft Visual Studio Solution File, Format Version 12.00
# Visual Studio Version 17
VisualStudioVersion = 17.8.34309.116
MinimumVisualStudioVersion = 10.0.40219.1
Project("{FAE04EC0-301F-11D3-BF4B-00C04F79EFBC}") = "UserManagementPanel", "UserManagementPanel.csproj", "{49F073B0-6EC5-4CCF-B66E-4964D258547A}"
EndProject
Global
	GlobalSection(SolutionConfigurationPlatforms) = preSolution
		Debug|Any CPU = Debug|Any CPU
		Release|Any CPU = Release|Any CPU
	EndGlobalSection
	GlobalSection(ProjectConfigurationPlatforms) = postSolution
		{49F073B0-6EC5-4CCF-B66E-4964D258547A}.Debug|Any CPU.ActiveCfg = Debug|Any CPU
		{49F073B0-6EC5-4CCF-B66E-4964D258547A}.Debug|Any CPU.Build.0 = Debug|Any CPU
		{49F073B0-6EC5-4CCF-B66E-4964D258547A}.Release|Any CPU.ActiveCfg = Release|Any CPU
		{49F073B0-6EC5-4CCF-B66E-4964D258547A}.Release|Any CPU.Build.0 = Release|Any CPU
	EndGlobalSection
	GlobalSection(SolutionProperties) = preSolution
		HideSolutionNode = FALSE
	EndGlobalSection
	GlobalSection(ExtensibilityGlobals) = postSolution
		SolutionGuid = {48F01DCE-6FF1-4874-990E-6DFA118214FE}
	EndGlobalSection
EndGlobal
